
Microsoft Visual Studio Solution File, Format Version 12.00
# Visual Studio 15
Project("{FAE04EC0-301F-11D3-BF4B-00C04F79EFBC}") = "RPGTyper", "RPGTyper\RPGTyper.csproj", "{64F8B08E-1CCA-4047-A66D-B592DF0A4995}"
EndProject
Global
	GlobalSection(SolutionConfigurationPlatforms) = preSolution
		Debug|Any CPU = Debug|Any CPU
		Release|Any CPU = Release|Any CPU
	EndGlobalSection
	GlobalSection(ProjectConfigurationPlatforms) = postSolution
		{64F8B08E-1CCA-4047-A66D-B592DF0A4995}.Debug|Any CPU.ActiveCfg = Debug|Any CPU
		{64F8B08E-1CCA-4047-A66D-B592DF0A4995}.Debug|Any CPU.Build.0 = Debug|Any CPU
		{64F8B08E-1CCA-4047-A66D-B592DF0A4995}.Release|Any CPU.ActiveCfg = Release|Any CPU
		{64F8B08E-1CCA-4047-A66D-B592DF0A4995}.Release|Any CPU.Build.0 = Release|Any CPU
	EndGlobalSection
EndGlobal
