
Microsoft Visual Studio Solution File, Format Version 12.00
# Visual Studio 15
VisualStudioVersion = 15.0.27703.2042
MinimumVisualStudioVersion = 10.0.40219.1
Project("{FAE04EC0-301F-11D3-BF4B-00C04F79EFBC}") = "Tober_William_MadLibs", "Tober_William_MadLibs\Tober_William_MadLibs.csproj", "{EBEB6388-0D38-4467-B589-310BDA04B7F5}"
EndProject
Global
	GlobalSection(SolutionConfigurationPlatforms) = preSolution
		Debug|Any CPU = Debug|Any CPU
		Release|Any CPU = Release|Any CPU
	EndGlobalSection
	GlobalSection(ProjectConfigurationPlatforms) = postSolution
		{EBEB6388-0D38-4467-B589-310BDA04B7F5}.Debug|Any CPU.ActiveCfg = Debug|Any CPU
		{EBEB6388-0D38-4467-B589-310BDA04B7F5}.Debug|Any CPU.Build.0 = Debug|Any CPU
		{EBEB6388-0D38-4467-B589-310BDA04B7F5}.Release|Any CPU.ActiveCfg = Release|Any CPU
		{EBEB6388-0D38-4467-B589-310BDA04B7F5}.Release|Any CPU.Build.0 = Release|Any CPU
	EndGlobalSection
	GlobalSection(SolutionProperties) = preSolution
		HideSolutionNode = FALSE
	EndGlobalSection
	GlobalSection(ExtensibilityGlobals) = postSolution
		SolutionGuid = {5BFB43E0-E0D9-418B-9610-F181C6A5F7F5}
	EndGlobalSection
EndGlobal
