
Microsoft Visual Studio Solution File, Format Version 12.00
# Visual Studio 15
VisualStudioVersion = 15.0.28010.2041
MinimumVisualStudioVersion = 10.0.40219.1
Project("{FAE04EC0-301F-11D3-BF4B-00C04F79EFBC}") = "Tober_William_Methods", "Tober_William_Methods\Tober_William_Methods.csproj", "{29967E78-EAB9-41F8-A2DE-8F41C892D75A}"
EndProject
Global
	GlobalSection(SolutionConfigurationPlatforms) = preSolution
		Debug|Any CPU = Debug|Any CPU
		Release|Any CPU = Release|Any CPU
	EndGlobalSection
	GlobalSection(ProjectConfigurationPlatforms) = postSolution
		{29967E78-EAB9-41F8-A2DE-8F41C892D75A}.Debug|Any CPU.ActiveCfg = Debug|Any CPU
		{29967E78-EAB9-41F8-A2DE-8F41C892D75A}.Debug|Any CPU.Build.0 = Debug|Any CPU
		{29967E78-EAB9-41F8-A2DE-8F41C892D75A}.Release|Any CPU.ActiveCfg = Release|Any CPU
		{29967E78-EAB9-41F8-A2DE-8F41C892D75A}.Release|Any CPU.Build.0 = Release|Any CPU
	EndGlobalSection
	GlobalSection(SolutionProperties) = preSolution
		HideSolutionNode = FALSE
	EndGlobalSection
	GlobalSection(ExtensibilityGlobals) = postSolution
		SolutionGuid = {F9D27E2C-1694-4EE7-951F-E821ACE34815}
	EndGlobalSection
EndGlobal
